
Microsoft Visual Studio Solution File, Format Version 12.00
# Visual Studio Version 17
VisualStudioVersion = 17.2.32602.215
MinimumVisualStudioVersion = 10.0.40219.1
Project("{8BC9CEB8-8B4A-11D0-8D11-00A0C91BC942}") = "ic-rubik", "ic-rubik\ic-rubik.vcxproj", "{AABDA19B-0ADB-4F97-AD53-A0E9D75DBB26}"
EndProject
Global
	GlobalSection(SolutionConfigurationPlatforms) = preSolution
		Debug|x64 = Debug|x64
		Debug|x86 = Debug|x86
		Release|x64 = Release|x64
		Release|x86 = Release|x86
	EndGlobalSection
	GlobalSection(ProjectConfigurationPlatforms) = postSolution
		{AABDA19B-0ADB-4F97-AD53-A0E9D75DBB26}.Debug|x64.ActiveCfg = Debug|x64
		{AABDA19B-0ADB-4F97-AD53-A0E9D75DBB26}.Debug|x64.Build.0 = Debug|x64
		{AABDA19B-0ADB-4F97-AD53-A0E9D75DBB26}.Debug|x86.ActiveCfg = Debug|Win32
		{AABDA19B-0ADB-4F97-AD53-A0E9D75DBB26}.Debug|x86.Build.0 = Debug|Win32
		{AABDA19B-0ADB-4F97-AD53-A0E9D75DBB26}.Release|x64.ActiveCfg = Release|x64
		{AABDA19B-0ADB-4F97-AD53-A0E9D75DBB26}.Release|x64.Build.0 = Release|x64
		{AABDA19B-0ADB-4F97-AD53-A0E9D75DBB26}.Release|x86.ActiveCfg = Release|Win32
		{AABDA19B-0ADB-4F97-AD53-A0E9D75DBB26}.Release|x86.Build.0 = Release|Win32
	EndGlobalSection
	GlobalSection(SolutionProperties) = preSolution
		HideSolutionNode = FALSE
	EndGlobalSection
	GlobalSection(ExtensibilityGlobals) = postSolution
		SolutionGuid = {9CBC74F7-3463-48BF-8DAE-B55DE28DF37E}
	EndGlobalSection
EndGlobal
